{
  "name": "@vosslang/cli",
  "version": "0.1.1",
  "lockfileVersion": 3,
  "requires": true,
  "packages": {
    "": {
      "name": "@vosslang/cli",
      "version": "0.1.1",
      "license": "MIT",
      "dependencies": {
        "@vosslang/cli-darwin-arm64": "0.1.1"
      },
      "bin": {
        "voss": "bin/voss.js"
      },
      "engines": {
        "node": ">=18"
      },
      "optionalDependencies": {
        "@vosslang/cli-darwin-arm64": "0.1.1",
        "@vosslang/cli-linux-arm64": "0.1.1",
        "@vosslang/cli-linux-x64": "0.1.1",
        "@vosslang/cli-win32-x64": "0.1.1"
      }
    },
    "node_modules/@vosslang/cli-darwin-arm64": {
      "version": "0.1.1",
      "resolved": "https://registry.npmjs.org/@vosslang/cli-darwin-arm64/-/cli-darwin-arm64-0.1.1.tgz",
      "integrity": "sha512-oFT/x+VdVGCBQ5DbrsPm5PoREJcJx0nMVkHn+qTYFXoFuwwDo8KbLRZbq0QU/5/vMULUjmKdu/hsHUSgoICeFQ==",
      "cpu": [
        "arm64"
      ],
      "hasInstallScript": true,
      "license": "MIT",
      "optional": true,
      "os": [
        "darwin"
      ]
    },
    "node_modules/@vosslang/cli-linux-arm64": {
      "version": "0.1.1",
      "resolved": "https://registry.npmjs.org/@vosslang/cli-linux-arm64/-/cli-linux-arm64-0.1.1.tgz",
      "integrity": "sha512-04gQNctuPoydRu6fWsakxLl/pgF7bq2YiZ2vIvPuFl1kp8MxuwyWD6ut2wM1W/xLNFsUfSTxaWazl6BuPW+spA==",
      "cpu": [
        "arm64"
      ],
      "hasInstallScript": true,
      "license": "MIT",
      "optional": true,
      "os": [
        "linux"
      ]
    },
    "node_modules/@vosslang/cli-linux-x64": {
      "version": "0.1.1",
      "resolved": "https://registry.npmjs.org/@vosslang/cli-linux-x64/-/cli-linux-x64-0.1.1.tgz",
      "integrity": "sha512-tT6Z/YZTyH2QlUvaxQnVuJ/cchboFlqj2+Rv/wmQFJt18hk05HycTNkHK4prQXcx0WfaLOhG3/eFyMSoDH6txg==",
      "cpu": [
        "x64"
      ],
      "hasInstallScript": true,
      "license": "MIT",
      "optional": true,
      "os": [
        "linux"
      ]
    },
    "node_modules/@vosslang/cli-win32-x64": {
      "version": "0.1.1",
      "resolved": "https://registry.npmjs.org/@vosslang/cli-win32-x64/-/cli-win32-x64-0.1.1.tgz",
      "integrity": "sha512-GYJ3fN8qUOdjSwrEdWOaE3TLm2jEB+MR6ElU+Lv5wSFatig8XqXP2SuHVgvyHPP5ES+U/BkHJobPFe1eo03c5A==",
      "cpu": [
        "x64"
      ],
      "license": "MIT",
      "optional": true,
      "os": [
        "win32"
      ]
    }
  }
}
