{
  "name": "@vosslang/cli",
  "version": "0.1.0",
  "lockfileVersion": 3,
  "requires": true,
  "packages": {
    "": {
      "name": "@vosslang/cli",
      "version": "0.1.0",
      "license": "MIT",
      "dependencies": {
        "@vosslang/cli-darwin-arm64": "^0.1.0"
      },
      "bin": {
        "voss": "bin/voss.js"
      },
      "engines": {
        "node": ">=18"
      },
      "optionalDependencies": {
        "@vosslang/cli-darwin-arm64": "^0.1.0",
        "@vosslang/cli-darwin-x64": "0.1.0",
        "@vosslang/cli-linux-arm64": "0.1.0",
        "@vosslang/cli-linux-x64": "0.1.0",
        "@vosslang/cli-win32-x64": "0.1.0"
      }
    },
    "node_modules/@vosslang/cli-darwin-arm64": {
      "version": "0.1.0",
      "resolved": "https://registry.npmjs.org/@vosslang/cli-darwin-arm64/-/cli-darwin-arm64-0.1.0.tgz",
      "integrity": "sha512-tVNnxTCGnNembN+y2XsSYgkXrnYd2CwqlktiTNUBx6exG18fuJAuCMF/3Z7ppQ8kX7dHyiyw92hQZ2wM2WB0zw==",
      "cpu": [
        "arm64"
      ],
      "hasInstallScript": true,
      "license": "MIT",
      "optional": true,
      "os": [
        "darwin"
      ]
    },
    "node_modules/@vosslang/cli-linux-arm64": {
      "version": "0.1.0",
      "resolved": "https://registry.npmjs.org/@vosslang/cli-linux-arm64/-/cli-linux-arm64-0.1.0.tgz",
      "integrity": "sha512-4lltM27O+n7IH7E6hxANocjl/fTBEHzeCuvNohMlV+MnMNEHy8bJlq5gZNydmhmJ4QGf5J6d2T+olDwm4t2Mlg==",
      "cpu": [
        "arm64"
      ],
      "hasInstallScript": true,
      "license": "MIT",
      "optional": true,
      "os": [
        "linux"
      ]
    },
    "node_modules/@vosslang/cli-linux-x64": {
      "version": "0.1.0",
      "resolved": "https://registry.npmjs.org/@vosslang/cli-linux-x64/-/cli-linux-x64-0.1.0.tgz",
      "integrity": "sha512-/5BdT8ilRfnv1okZ+/QswKAzYyNFADjs5X6qVWMp9RdZcHNA+2xq4FY8Jb0rQWsoTIQTkh49mKbeRpC1+ajnww==",
      "cpu": [
        "x64"
      ],
      "hasInstallScript": true,
      "license": "MIT",
      "optional": true,
      "os": [
        "linux"
      ]
    },
    "node_modules/@vosslang/cli-win32-x64": {
      "version": "0.1.0",
      "resolved": "https://registry.npmjs.org/@vosslang/cli-win32-x64/-/cli-win32-x64-0.1.0.tgz",
      "integrity": "sha512-di9kQlWBGQCkJ7i3M7JjyMuLoKTZoeatkjsu96RdKa1Z3/hV4ZyiShPFq3WVXd0SRzFEtmQiQeVMd8q27cuExA==",
      "cpu": [
        "x64"
      ],
      "license": "MIT",
      "optional": true,
      "os": [
        "win32"
      ]
    }
  }
}
